
Microsoft Visual Studio Solution File, Format Version 12.00
Project("{FAE04EC0-301F-11D3-BF4B-00C04F79EFBC}") = "BBCD3_Desktop", "BBCD3_Desktop.csproj", "{4CAE526D-D2BC-484A-A8D1-A57EE9DEA05B}"
EndProject
Global
	GlobalSection(SolutionConfigurationPlatforms) = preSolution
		Debug|Any CPU = Debug|Any CPU
		Release|Any CPU = Release|Any CPU
	EndGlobalSection
	GlobalSection(ProjectConfigurationPlatforms) = postSolution
		{4CAE526D-D2BC-484A-A8D1-A57EE9DEA05B}.Debug|Any CPU.ActiveCfg = Debug|Any CPU
		{4CAE526D-D2BC-484A-A8D1-A57EE9DEA05B}.Debug|Any CPU.Build.0 = Debug|Any CPU
		{4CAE526D-D2BC-484A-A8D1-A57EE9DEA05B}.Release|Any CPU.ActiveCfg = Release|Any CPU
		{4CAE526D-D2BC-484A-A8D1-A57EE9DEA05B}.Release|Any CPU.Build.0 = Release|Any CPU
	EndGlobalSection
EndGlobal
